
Microsoft Visual Studio Solution File, Format Version 12.00
# Visual Studio Version 16
VisualStudioVersion = 16.0.31321.278
MinimumVisualStudioVersion = 10.0.40219.1
Project("{8BC9CEB8-8B4A-11D0-8D11-00A0C91BC942}") = "Хэш-таблица", "Хэш-таблица\Хэш-таблица.vcxproj", "{9AE48E99-0FC3-4CFD-AB30-80785C491306}"
EndProject
Global
	GlobalSection(SolutionConfigurationPlatforms) = preSolution
		Debug|x64 = Debug|x64
		Debug|x86 = Debug|x86
		Release|x64 = Release|x64
		Release|x86 = Release|x86
	EndGlobalSection
	GlobalSection(ProjectConfigurationPlatforms) = postSolution
		{9AE48E99-0FC3-4CFD-AB30-80785C491306}.Debug|x64.ActiveCfg = Debug|x64
		{9AE48E99-0FC3-4CFD-AB30-80785C491306}.Debug|x64.Build.0 = Debug|x64
		{9AE48E99-0FC3-4CFD-AB30-80785C491306}.Debug|x86.ActiveCfg = Debug|Win32
		{9AE48E99-0FC3-4CFD-AB30-80785C491306}.Debug|x86.Build.0 = Debug|Win32
		{9AE48E99-0FC3-4CFD-AB30-80785C491306}.Release|x64.ActiveCfg = Release|x64
		{9AE48E99-0FC3-4CFD-AB30-80785C491306}.Release|x64.Build.0 = Release|x64
		{9AE48E99-0FC3-4CFD-AB30-80785C491306}.Release|x86.ActiveCfg = Release|Win32
		{9AE48E99-0FC3-4CFD-AB30-80785C491306}.Release|x86.Build.0 = Release|Win32
	EndGlobalSection
	GlobalSection(SolutionProperties) = preSolution
		HideSolutionNode = FALSE
	EndGlobalSection
	GlobalSection(ExtensibilityGlobals) = postSolution
		SolutionGuid = {0E2D4012-F1E7-4A3A-B90C-B4231F271A81}
	EndGlobalSection
EndGlobal
